
Microsoft Visual Studio Solution File, Format Version 12.00
# Visual Studio Version 16
VisualStudioVersion = 16.0.29806.167
MinimumVisualStudioVersion = 10.0.40219.1
Project("{FAE04EC0-301F-11D3-BF4B-00C04F79EFBC}") = "Negel.Android", "Negel.Android\Negel.Android.csproj", "{51D92BA5-369A-4770-8A8A-391DA8AAFB14}"
EndProject
Project("{FAE04EC0-301F-11D3-BF4B-00C04F79EFBC}") = "Negel.iOS", "Negel.iOS\Negel.iOS.csproj", "{D66F7BAF-924E-4C8E-9362-FA1027B79A3F}"
EndProject
Project("{FAE04EC0-301F-11D3-BF4B-00C04F79EFBC}") = "Negel", "Negel\Negel.csproj", "{530524F6-50A0-48CC-9B4A-A53EBCDD9363}"
EndProject
Global
	GlobalSection(SolutionConfigurationPlatforms) = preSolution
		Debug|Any CPU = Debug|Any CPU
		Debug|iPhone = Debug|iPhone
		Debug|iPhoneSimulator = Debug|iPhoneSimulator
		Release|Any CPU = Release|Any CPU
		Release|iPhone = Release|iPhone
		Release|iPhoneSimulator = Release|iPhoneSimulator
	EndGlobalSection
	GlobalSection(ProjectConfigurationPlatforms) = postSolution
		{51D92BA5-369A-4770-8A8A-391DA8AAFB14}.Debug|Any CPU.ActiveCfg = Debug|Any CPU
		{51D92BA5-369A-4770-8A8A-391DA8AAFB14}.Debug|Any CPU.Build.0 = Debug|Any CPU
		{51D92BA5-369A-4770-8A8A-391DA8AAFB14}.Debug|Any CPU.Deploy.0 = Debug|Any CPU
		{51D92BA5-369A-4770-8A8A-391DA8AAFB14}.Debug|iPhone.ActiveCfg = Debug|Any CPU
		{51D92BA5-369A-4770-8A8A-391DA8AAFB14}.Debug|iPhone.Build.0 = Debug|Any CPU
		{51D92BA5-369A-4770-8A8A-391DA8AAFB14}.Debug|iPhone.Deploy.0 = Debug|Any CPU
		{51D92BA5-369A-4770-8A8A-391DA8AAFB14}.Debug|iPhoneSimulator.ActiveCfg = Debug|Any CPU
		{51D92BA5-369A-4770-8A8A-391DA8AAFB14}.Debug|iPhoneSimulator.Build.0 = Debug|Any CPU
		{51D92BA5-369A-4770-8A8A-391DA8AAFB14}.Debug|iPhoneSimulator.Deploy.0 = Debug|Any CPU
		{51D92BA5-369A-4770-8A8A-391DA8AAFB14}.Release|Any CPU.ActiveCfg = Release|Any CPU
		{51D92BA5-369A-4770-8A8A-391DA8AAFB14}.Release|Any CPU.Build.0 = Release|Any CPU
		{51D92BA5-369A-4770-8A8A-391DA8AAFB14}.Release|Any CPU.Deploy.0 = Release|Any CPU
		{51D92BA5-369A-4770-8A8A-391DA8AAFB14}.Release|iPhone.ActiveCfg = Release|Any CPU
		{51D92BA5-369A-4770-8A8A-391DA8AAFB14}.Release|iPhone.Build.0 = Release|Any CPU
		{51D92BA5-369A-4770-8A8A-391DA8AAFB14}.Release|iPhone.Deploy.0 = Release|Any CPU
		{51D92BA5-369A-4770-8A8A-391DA8AAFB14}.Release|iPhoneSimulator.ActiveCfg = Release|Any CPU
		{51D92BA5-369A-4770-8A8A-391DA8AAFB14}.Release|iPhoneSimulator.Build.0 = Release|Any CPU
		{51D92BA5-369A-4770-8A8A-391DA8AAFB14}.Release|iPhoneSimulator.Deploy.0 = Release|Any CPU
		{D66F7BAF-924E-4C8E-9362-FA1027B79A3F}.Debug|Any CPU.ActiveCfg = Debug|iPhoneSimulator
		{D66F7BAF-924E-4C8E-9362-FA1027B79A3F}.Debug|Any CPU.Build.0 = Debug|iPhoneSimulator
		{D66F7BAF-924E-4C8E-9362-FA1027B79A3F}.Debug|Any CPU.Deploy.0 = Debug|iPhoneSimulator
		{D66F7BAF-924E-4C8E-9362-FA1027B79A3F}.Debug|iPhone.ActiveCfg = Debug|iPhone
		{D66F7BAF-924E-4C8E-9362-FA1027B79A3F}.Debug|iPhone.Build.0 = Debug|iPhone
		{D66F7BAF-924E-4C8E-9362-FA1027B79A3F}.Debug|iPhone.Deploy.0 = Debug|iPhone
		{D66F7BAF-924E-4C8E-9362-FA1027B79A3F}.Debug|iPhoneSimulator.ActiveCfg = Debug|iPhoneSimulator
		{D66F7BAF-924E-4C8E-9362-FA1027B79A3F}.Debug|iPhoneSimulator.Build.0 = Debug|iPhoneSimulator
		{D66F7BAF-924E-4C8E-9362-FA1027B79A3F}.Debug|iPhoneSimulator.Deploy.0 = Debug|iPhoneSimulator
		{D66F7BAF-924E-4C8E-9362-FA1027B79A3F}.Release|Any CPU.ActiveCfg = Release|iPhone
		{D66F7BAF-924E-4C8E-9362-FA1027B79A3F}.Release|Any CPU.Build.0 = Release|iPhone
		{D66F7BAF-924E-4C8E-9362-FA1027B79A3F}.Release|Any CPU.Deploy.0 = Release|iPhone
		{D66F7BAF-924E-4C8E-9362-FA1027B79A3F}.Release|iPhone.ActiveCfg = Release|iPhone
		{D66F7BAF-924E-4C8E-9362-FA1027B79A3F}.Release|iPhone.Build.0 = Release|iPhone
		{D66F7BAF-924E-4C8E-9362-FA1027B79A3F}.Release|iPhone.Deploy.0 = Release|iPhone
		{D66F7BAF-924E-4C8E-9362-FA1027B79A3F}.Release|iPhoneSimulator.ActiveCfg = Release|iPhoneSimulator
		{D66F7BAF-924E-4C8E-9362-FA1027B79A3F}.Release|iPhoneSimulator.Build.0 = Release|iPhoneSimulator
		{D66F7BAF-924E-4C8E-9362-FA1027B79A3F}.Release|iPhoneSimulator.Deploy.0 = Release|iPhoneSimulator
		{530524F6-50A0-48CC-9B4A-A53EBCDD9363}.Debug|Any CPU.ActiveCfg = Debug|Any CPU
		{530524F6-50A0-48CC-9B4A-A53EBCDD9363}.Debug|Any CPU.Build.0 = Debug|Any CPU
		{530524F6-50A0-48CC-9B4A-A53EBCDD9363}.Debug|Any CPU.Deploy.0 = Debug|Any CPU
		{530524F6-50A0-48CC-9B4A-A53EBCDD9363}.Debug|iPhone.ActiveCfg = Debug|Any CPU
		{530524F6-50A0-48CC-9B4A-A53EBCDD9363}.Debug|iPhone.Build.0 = Debug|Any CPU
		{530524F6-50A0-48CC-9B4A-A53EBCDD9363}.Debug|iPhone.Deploy.0 = Debug|Any CPU
		{530524F6-50A0-48CC-9B4A-A53EBCDD9363}.Debug|iPhoneSimulator.ActiveCfg = Debug|Any CPU
		{530524F6-50A0-48CC-9B4A-A53EBCDD9363}.Debug|iPhoneSimulator.Build.0 = Debug|Any CPU
		{530524F6-50A0-48CC-9B4A-A53EBCDD9363}.Debug|iPhoneSimulator.Deploy.0 = Debug|Any CPU
		{530524F6-50A0-48CC-9B4A-A53EBCDD9363}.Release|Any CPU.ActiveCfg = Release|Any CPU
		{530524F6-50A0-48CC-9B4A-A53EBCDD9363}.Release|Any CPU.Build.0 = Release|Any CPU
		{530524F6-50A0-48CC-9B4A-A53EBCDD9363}.Release|Any CPU.Deploy.0 = Release|Any CPU
		{530524F6-50A0-48CC-9B4A-A53EBCDD9363}.Release|iPhone.ActiveCfg = Release|Any CPU
		{530524F6-50A0-48CC-9B4A-A53EBCDD9363}.Release|iPhone.Build.0 = Release|Any CPU
		{530524F6-50A0-48CC-9B4A-A53EBCDD9363}.Release|iPhone.Deploy.0 = Release|Any CPU
		{530524F6-50A0-48CC-9B4A-A53EBCDD9363}.Release|iPhoneSimulator.ActiveCfg = Release|Any CPU
		{530524F6-50A0-48CC-9B4A-A53EBCDD9363}.Release|iPhoneSimulator.Build.0 = Release|Any CPU
		{530524F6-50A0-48CC-9B4A-A53EBCDD9363}.Release|iPhoneSimulator.Deploy.0 = Release|Any CPU
	EndGlobalSection
	GlobalSection(SolutionProperties) = preSolution
		HideSolutionNode = FALSE
	EndGlobalSection
	GlobalSection(ExtensibilityGlobals) = postSolution
		SolutionGuid = {6EF4D581-97EE-4FAE-9948-72ACCA115A54}
	EndGlobalSection
EndGlobal
